
Microsoft Visual Studio Solution File, Format Version 12.00
# Visual Studio Version 17
VisualStudioVersion = 17.2.32630.192
MinimumVisualStudioVersion = 10.0.40219.1
Project("{FAE04EC0-301F-11D3-BF4B-00C04F79EFBC}") = "app", "app\app.csproj", "{D29FAD04-5951-4852-AA71-083BC9884A8B}"
EndProject
Global
	GlobalSection(SolutionConfigurationPlatforms) = preSolution
		Debug|Any CPU = Debug|Any CPU
		Release|Any CPU = Release|Any CPU
	EndGlobalSection
	GlobalSection(ProjectConfigurationPlatforms) = postSolution
		{D29FAD04-5951-4852-AA71-083BC9884A8B}.Debug|Any CPU.ActiveCfg = Debug|Any CPU
		{D29FAD04-5951-4852-AA71-083BC9884A8B}.Debug|Any CPU.Build.0 = Debug|Any CPU
		{D29FAD04-5951-4852-AA71-083BC9884A8B}.Release|Any CPU.ActiveCfg = Release|Any CPU
		{D29FAD04-5951-4852-AA71-083BC9884A8B}.Release|Any CPU.Build.0 = Release|Any CPU
	EndGlobalSection
	GlobalSection(SolutionProperties) = preSolution
		HideSolutionNode = FALSE
	EndGlobalSection
	GlobalSection(ExtensibilityGlobals) = postSolution
		SolutionGuid = {B4B64BBB-8F34-4FD6-AE4D-C5B3FE9972AA}
	EndGlobalSection
EndGlobal
